
Microsoft Visual Studio Solution File, Format Version 12.00
# Visual Studio 2012
Project("{FAE04EC0-301F-11D3-BF4B-00C04F79EFBC}") = "Clockwork2D", "Clockwork2D\Clockwork2D.csproj", "{2E8993CE-A870-4013-B05D-DA6E079403AD}"
EndProject
Project("{FAE04EC0-301F-11D3-BF4B-00C04F79EFBC}") = "GameLoop", "..\GameLoop\GameLoop\GameLoop.csproj", "{4E2F462D-8E2E-4951-A81F-646275B83179}"
EndProject
Global
	GlobalSection(SolutionConfigurationPlatforms) = preSolution
		Debug|Any CPU = Debug|Any CPU
		Release|Any CPU = Release|Any CPU
	EndGlobalSection
	GlobalSection(ProjectConfigurationPlatforms) = postSolution
		{2E8993CE-A870-4013-B05D-DA6E079403AD}.Debug|Any CPU.ActiveCfg = Debug|Any CPU
		{2E8993CE-A870-4013-B05D-DA6E079403AD}.Debug|Any CPU.Build.0 = Debug|Any CPU
		{2E8993CE-A870-4013-B05D-DA6E079403AD}.Release|Any CPU.ActiveCfg = Release|Any CPU
		{2E8993CE-A870-4013-B05D-DA6E079403AD}.Release|Any CPU.Build.0 = Release|Any CPU
		{4E2F462D-8E2E-4951-A81F-646275B83179}.Debug|Any CPU.ActiveCfg = Debug|Any CPU
		{4E2F462D-8E2E-4951-A81F-646275B83179}.Debug|Any CPU.Build.0 = Debug|Any CPU
		{4E2F462D-8E2E-4951-A81F-646275B83179}.Release|Any CPU.ActiveCfg = Release|Any CPU
		{4E2F462D-8E2E-4951-A81F-646275B83179}.Release|Any CPU.Build.0 = Release|Any CPU
	EndGlobalSection
	GlobalSection(SolutionProperties) = preSolution
		HideSolutionNode = FALSE
	EndGlobalSection
EndGlobal
